
Microsoft Visual Studio Solution File, Format Version 12.00
# Visual Studio Version 17
VisualStudioVersion = 17.4.33403.182
MinimumVisualStudioVersion = 10.0.40219.1
Project("{9A19103F-16F7-4668-BE54-9A1E7A4F7556}") = "AnimalsData", "AnimalsData\AnimalsData.csproj", "{081572DD-7D3D-4818-9F1F-3FF9C7C8F1A6}"
	ProjectSection(ProjectDependencies) = postProject
		{DE98B05C-8D75-4B39-B38A-972DA9D39825} = {DE98B05C-8D75-4B39-B38A-972DA9D39825}
	EndProjectSection
EndProject
Project("{FAE04EC0-301F-11D3-BF4B-00C04F79EFBC}") = "SQLLibrary", "SQLLibrary\SQLLibrary.csproj", "{DE98B05C-8D75-4B39-B38A-972DA9D39825}"
EndProject
Global
	GlobalSection(SolutionConfigurationPlatforms) = preSolution
		Debug|Any CPU = Debug|Any CPU
		Release|Any CPU = Release|Any CPU
	EndGlobalSection
	GlobalSection(ProjectConfigurationPlatforms) = postSolution
		{081572DD-7D3D-4818-9F1F-3FF9C7C8F1A6}.Debug|Any CPU.ActiveCfg = Debug|Any CPU
		{081572DD-7D3D-4818-9F1F-3FF9C7C8F1A6}.Debug|Any CPU.Build.0 = Debug|Any CPU
		{081572DD-7D3D-4818-9F1F-3FF9C7C8F1A6}.Release|Any CPU.ActiveCfg = Release|Any CPU
		{081572DD-7D3D-4818-9F1F-3FF9C7C8F1A6}.Release|Any CPU.Build.0 = Release|Any CPU
		{DE98B05C-8D75-4B39-B38A-972DA9D39825}.Debug|Any CPU.ActiveCfg = Debug|Any CPU
		{DE98B05C-8D75-4B39-B38A-972DA9D39825}.Debug|Any CPU.Build.0 = Debug|Any CPU
		{DE98B05C-8D75-4B39-B38A-972DA9D39825}.Release|Any CPU.ActiveCfg = Release|Any CPU
		{DE98B05C-8D75-4B39-B38A-972DA9D39825}.Release|Any CPU.Build.0 = Release|Any CPU
	EndGlobalSection
	GlobalSection(SolutionProperties) = preSolution
		HideSolutionNode = FALSE
	EndGlobalSection
	GlobalSection(ExtensibilityGlobals) = postSolution
		SolutionGuid = {40946634-01A3-4AD3-AA69-65DDCE7F164F}
	EndGlobalSection
EndGlobal
